
Microsoft Visual Studio Solution File, Format Version 12.00
# Visual Studio Version 17
VisualStudioVersion = 17.11.35312.102
MinimumVisualStudioVersion = 10.0.40219.1
Project("{9A19103F-16F7-4668-BE54-9A1E7A4F7556}") = "WebApplication4", "WebApplication4\WebApplication4.csproj", "{3E8A2760-8691-4BDA-B258-EB5AF40E1603}"
EndProject
Project("{FAE04EC0-301F-11D3-BF4B-00C04F79EFBC}") = "WebApplication4.BLL", "WebApplication4.BLL\WebApplication4.BLL.csproj", "{82E19D9F-8EFD-4EF6-93A1-4D8F6D7F5AC9}"
EndProject
Project("{FAE04EC0-301F-11D3-BF4B-00C04F79EFBC}") = "WebApplication4.DAL", "WebApplication4.DAL\WebApplication4.DAL.csproj", "{E1A7418E-672E-48F5-878B-46BB72AB201C}"
EndProject
Global
	GlobalSection(SolutionConfigurationPlatforms) = preSolution
		Debug|Any CPU = Debug|Any CPU
		Release|Any CPU = Release|Any CPU
	EndGlobalSection
	GlobalSection(ProjectConfigurationPlatforms) = postSolution
		{3E8A2760-8691-4BDA-B258-EB5AF40E1603}.Debug|Any CPU.ActiveCfg = Debug|Any CPU
		{3E8A2760-8691-4BDA-B258-EB5AF40E1603}.Debug|Any CPU.Build.0 = Debug|Any CPU
		{3E8A2760-8691-4BDA-B258-EB5AF40E1603}.Release|Any CPU.ActiveCfg = Release|Any CPU
		{3E8A2760-8691-4BDA-B258-EB5AF40E1603}.Release|Any CPU.Build.0 = Release|Any CPU
		{82E19D9F-8EFD-4EF6-93A1-4D8F6D7F5AC9}.Debug|Any CPU.ActiveCfg = Debug|Any CPU
		{82E19D9F-8EFD-4EF6-93A1-4D8F6D7F5AC9}.Debug|Any CPU.Build.0 = Debug|Any CPU
		{82E19D9F-8EFD-4EF6-93A1-4D8F6D7F5AC9}.Release|Any CPU.ActiveCfg = Release|Any CPU
		{82E19D9F-8EFD-4EF6-93A1-4D8F6D7F5AC9}.Release|Any CPU.Build.0 = Release|Any CPU
		{E1A7418E-672E-48F5-878B-46BB72AB201C}.Debug|Any CPU.ActiveCfg = Debug|Any CPU
		{E1A7418E-672E-48F5-878B-46BB72AB201C}.Debug|Any CPU.Build.0 = Debug|Any CPU
		{E1A7418E-672E-48F5-878B-46BB72AB201C}.Release|Any CPU.ActiveCfg = Release|Any CPU
		{E1A7418E-672E-48F5-878B-46BB72AB201C}.Release|Any CPU.Build.0 = Release|Any CPU
	EndGlobalSection
	GlobalSection(SolutionProperties) = preSolution
		HideSolutionNode = FALSE
	EndGlobalSection
	GlobalSection(ExtensibilityGlobals) = postSolution
		SolutionGuid = {CBF26052-F1E0-43E7-A990-39FD9511BAB7}
	EndGlobalSection
EndGlobal
